
Microsoft Visual Studio Solution File, Format Version 12.00
# Visual Studio Version 17
VisualStudioVersion = 17.2.32602.215
MinimumVisualStudioVersion = 10.0.40219.1
Project("{FAE04EC0-301F-11D3-BF4B-00C04F79EFBC}") = "cadastroCliente", "cadastroCliente\cadastroCliente.csproj", "{2FCEA4DA-431B-4851-BAB4-4E98F111C19E}"
EndProject
Global
	GlobalSection(SolutionConfigurationPlatforms) = preSolution
		Debug|Any CPU = Debug|Any CPU
		Release|Any CPU = Release|Any CPU
	EndGlobalSection
	GlobalSection(ProjectConfigurationPlatforms) = postSolution
		{2FCEA4DA-431B-4851-BAB4-4E98F111C19E}.Debug|Any CPU.ActiveCfg = Debug|Any CPU
		{2FCEA4DA-431B-4851-BAB4-4E98F111C19E}.Debug|Any CPU.Build.0 = Debug|Any CPU
		{2FCEA4DA-431B-4851-BAB4-4E98F111C19E}.Release|Any CPU.ActiveCfg = Release|Any CPU
		{2FCEA4DA-431B-4851-BAB4-4E98F111C19E}.Release|Any CPU.Build.0 = Release|Any CPU
	EndGlobalSection
	GlobalSection(SolutionProperties) = preSolution
		HideSolutionNode = FALSE
	EndGlobalSection
	GlobalSection(ExtensibilityGlobals) = postSolution
		SolutionGuid = {99A7CDCA-524A-4FD9-BEFC-EC82D12011D1}
	EndGlobalSection
EndGlobal
